
Microsoft Visual Studio Solution File, Format Version 12.00
# Visual Studio Version 17
VisualStudioVersion = 17.10.35004.147
MinimumVisualStudioVersion = 10.0.40219.1
Project("{FAE04EC0-301F-11D3-BF4B-00C04F79EFBC}") = "ApiMetodosPagamento", "ApiMetodosPagamento\ApiMetodosPagamento.csproj", "{F89E9B94-649A-421A-A95F-242A22AF8610}"
EndProject
Project("{FAE04EC0-301F-11D3-BF4B-00C04F79EFBC}") = "ApiMetodosPagamento.Test.Unit", "ApiMetodosPagamento.Test.Unit\ApiMetodosPagamento.Test.Unit.csproj", "{3DCFE86A-ADBA-49AA-99D0-DE93828CD74A}"
EndProject
Project("{FAE04EC0-301F-11D3-BF4B-00C04F79EFBC}") = "ApiMetodosPagamento.Test.Int", "ApiMetodosPagamento.Test.Int\ApiMetodosPagamento.Test.Int.csproj", "{70D1C331-665E-4BF2-B222-21DEF54200B9}"
EndProject
Global
	GlobalSection(SolutionConfigurationPlatforms) = preSolution
		Debug|Any CPU = Debug|Any CPU
		Release|Any CPU = Release|Any CPU
	EndGlobalSection
	GlobalSection(ProjectConfigurationPlatforms) = postSolution
		{F89E9B94-649A-421A-A95F-242A22AF8610}.Debug|Any CPU.ActiveCfg = Debug|Any CPU
		{F89E9B94-649A-421A-A95F-242A22AF8610}.Debug|Any CPU.Build.0 = Debug|Any CPU
		{F89E9B94-649A-421A-A95F-242A22AF8610}.Release|Any CPU.ActiveCfg = Release|Any CPU
		{F89E9B94-649A-421A-A95F-242A22AF8610}.Release|Any CPU.Build.0 = Release|Any CPU
		{3DCFE86A-ADBA-49AA-99D0-DE93828CD74A}.Debug|Any CPU.ActiveCfg = Debug|Any CPU
		{3DCFE86A-ADBA-49AA-99D0-DE93828CD74A}.Debug|Any CPU.Build.0 = Debug|Any CPU
		{3DCFE86A-ADBA-49AA-99D0-DE93828CD74A}.Release|Any CPU.ActiveCfg = Release|Any CPU
		{3DCFE86A-ADBA-49AA-99D0-DE93828CD74A}.Release|Any CPU.Build.0 = Release|Any CPU
		{70D1C331-665E-4BF2-B222-21DEF54200B9}.Debug|Any CPU.ActiveCfg = Debug|Any CPU
		{70D1C331-665E-4BF2-B222-21DEF54200B9}.Debug|Any CPU.Build.0 = Debug|Any CPU
		{70D1C331-665E-4BF2-B222-21DEF54200B9}.Release|Any CPU.ActiveCfg = Release|Any CPU
		{70D1C331-665E-4BF2-B222-21DEF54200B9}.Release|Any CPU.Build.0 = Release|Any CPU
	EndGlobalSection
	GlobalSection(SolutionProperties) = preSolution
		HideSolutionNode = FALSE
	EndGlobalSection
	GlobalSection(ExtensibilityGlobals) = postSolution
		SolutionGuid = {77E7F8E4-C9FA-4720-8D17-7C5B2AB4D0F3}
	EndGlobalSection
EndGlobal
